
Microsoft Visual Studio Solution File, Format Version 11.00
# Visual C# Express 2010
Project("{FAE04EC0-301F-11D3-BF4B-00C04F79EFBC}") = "Cakemanny.FIQL", "Cakemanny.FIQL\Cakemanny.FIQL.csproj", "{582E4B08-48C4-4FEA-8464-81EA62458C60}"
EndProject
Project("{FAE04EC0-301F-11D3-BF4B-00C04F79EFBC}") = "Cakemanny.FIQL.Tests", "Cakemanny.FIQL.Tests\Cakemanny.FIQL.Tests.csproj", "{A894FF73-1153-4D29-9864-A8FC8ED16A41}"
EndProject
Global
	GlobalSection(SolutionConfigurationPlatforms) = preSolution
		Debug|Any CPU = Debug|Any CPU
		Release|Any CPU = Release|Any CPU
	EndGlobalSection
	GlobalSection(ProjectConfigurationPlatforms) = postSolution
		{582E4B08-48C4-4FEA-8464-81EA62458C60}.Debug|Any CPU.ActiveCfg = Debug|Any CPU
		{582E4B08-48C4-4FEA-8464-81EA62458C60}.Debug|Any CPU.Build.0 = Debug|Any CPU
		{582E4B08-48C4-4FEA-8464-81EA62458C60}.Release|Any CPU.ActiveCfg = Release|Any CPU
		{582E4B08-48C4-4FEA-8464-81EA62458C60}.Release|Any CPU.Build.0 = Release|Any CPU
		{A894FF73-1153-4D29-9864-A8FC8ED16A41}.Debug|Any CPU.ActiveCfg = Debug|Any CPU
		{A894FF73-1153-4D29-9864-A8FC8ED16A41}.Debug|Any CPU.Build.0 = Debug|Any CPU
		{A894FF73-1153-4D29-9864-A8FC8ED16A41}.Release|Any CPU.ActiveCfg = Release|Any CPU
		{A894FF73-1153-4D29-9864-A8FC8ED16A41}.Release|Any CPU.Build.0 = Release|Any CPU
	EndGlobalSection
	GlobalSection(SolutionProperties) = preSolution
		HideSolutionNode = FALSE
	EndGlobalSection
EndGlobal
